// !$*UTF8*$!
{
	archiveVersion = 1;
	classes = {
	};
	objectVersion = 77;
	objects = {

/* Begin PBXBuildFile section */
		0332FBE99D5419C0A04F460A /* InfoPlist.strings in Resources */ = {isa = PBXBuildFile; fileRef = 22A24EBF700A367D8B269698 /* InfoPlist.strings */; };
		047173A72BA9E8A6F6A0A7C1 /* LeaderboardView.swift in Sources */ = {isa = PBXBuildFile; fileRef = 723E083EC43863E9B19D1DBD /* LeaderboardView.swift */; };
		04ABFF97837288EEF867A306 /* SpyClashWidgets.appex in Embed Foundation Extensions */ = {isa = PBXBuildFile; fileRef = EB074CEB86E78BFB857C6C47 /* SpyClashWidgets.appex */; settings = {ATTRIBUTES = (RemoveHeadersOnCopy, ); }; };
		1237FE47502FB08C11F86513 /* HistoryView.swift in Sources */ = {isa = PBXBuildFile; fileRef = 22314E28DB2385F7A05ABC74 /* HistoryView.swift */; };
		13D77822DD0A8C0C325DD829 /* Rajdhani-Bold.ttf in Resources */ = {isa = PBXBuildFile; fileRef = 57701A39195710C4AEBFB6CA /* Rajdhani-Bold.ttf */; };
		2296623A2D3D1D8A43A1A4DC /* SpyClashMatchLiveActivityController.swift in Sources */ = {isa = PBXBuildFile; fileRef = 154D6A5D3C20539A72285920 /* SpyClashMatchLiveActivityController.swift */; };
		2946A41A9575F0D1AEE2D809 /* SpyModels.swift in Sources */ = {isa = PBXBuildFile; fileRef = 86974FE98CF9350796FC28D3 /* SpyModels.swift */; };
		2AE8379041D2415FE0005E5B /* GameRoomLiveActivityProjection.swift in Sources */ = {isa = PBXBuildFile; fileRef = 79E0CCD1E46813B6962CBD4B /* GameRoomLiveActivityProjection.swift */; };
		309F817C661DCC3A931B4F28 /* AppTab.swift in Sources */ = {isa = PBXBuildFile; fileRef = DA586ACEEC2D7E92F3621A49 /* AppTab.swift */; };
		32A32FB529A80D299F2FCAC9 /* HomeView.swift in Sources */ = {isa = PBXBuildFile; fileRef = 16DD679CA8E36033E9AD5D76 /* HomeView.swift */; };
		4BEBA1477C858A78FB3F338D /* SpyTheme.swift in Sources */ = {isa = PBXBuildFile; fileRef = E3EC24BA3BA2A7A16F039946 /* SpyTheme.swift */; };
		536D944266FBEEDCB7840020 /* SpyClashMatchLiveActivity.swift in Sources */ = {isa = PBXBuildFile; fileRef = 7478AB896B134807D6FA315E /* SpyClashMatchLiveActivity.swift */; };
		557B3950F7F0642889A07BA5 /* SpyClashApp.swift in Sources */ = {isa = PBXBuildFile; fileRef = D30EA0DF923F453AB3E7F360 /* SpyClashApp.swift */; };
		5767CD1715E3A330461009CB /* PrivacyInfo.xcprivacy in Resources */ = {isa = PBXBuildFile; fileRef = 9C904BBF810EAAFF591F9659 /* PrivacyInfo.xcprivacy */; };
		65B97F60EB8C89F0D594A552 /* WordPacksView.swift in Sources */ = {isa = PBXBuildFile; fileRef = 2863C15FC8DD7D0C969D6E78 /* WordPacksView.swift */; };
		6BEB09CD45546EB59A434FFF /* QRSheets.swift in Sources */ = {isa = PBXBuildFile; fileRef = FA6E7B15464DD14D3E49671B /* QRSheets.swift */; };
		6E4C94E70834661C17C08E06 /* HapticManager.swift in Sources */ = {isa = PBXBuildFile; fileRef = 5BBA628FB7C9372162E4C619 /* HapticManager.swift */; };
		71EFCB4E56D0E1AFBB55CD75 /* SocketIO-MIT.txt in Resources */ = {isa = PBXBuildFile; fileRef = DB38FB6B74A483175220231A /* SocketIO-MIT.txt */; };
		7B6D3EB62FE74629B61B73AE /* PricingView.swift in Sources */ = {isa = PBXBuildFile; fileRef = F4B70AB1F4B7C7D339E01E1F /* PricingView.swift */; };
		7D6221160001A1F896D98689 /* SpyOrbSceneView.swift in Sources */ = {isa = PBXBuildFile; fileRef = 05EC9F49E8EAD9FFF41E783E /* SpyOrbSceneView.swift */; };
		7E0E07142DA44B953A6398F5 /* AuthView.swift in Sources */ = {isa = PBXBuildFile; fileRef = 103786B1CACE81CF96C268EF /* AuthView.swift */; };
		82D1D08C2F15D8C91C49A7A1 /* Rajdhani-OFL-1.1.txt in Resources */ = {isa = PBXBuildFile; fileRef = 9053338F106838BBB476DCE4 /* Rajdhani-OFL-1.1.txt */; };
		8D17771759D4330EBFEC4603 /* SocketIO in Frameworks */ = {isa = PBXBuildFile; productRef = 0F3E2F7BE3B86567F9077667 /* SocketIO */; };
		94A889B7CFE0ACF273873A1A /* AppState.swift in Sources */ = {isa = PBXBuildFile; fileRef = 75823698B8005677C73DFC1B /* AppState.swift */; };
		98DA09BA0F4F02C29F67E3EA /* PushNotificationCoordinator.swift in Sources */ = {isa = PBXBuildFile; fileRef = A8B7F0D77CCD84E2E31D982D /* PushNotificationCoordinator.swift */; };
		A14016F54504B30BA64BB8DA /* ProfileView.swift in Sources */ = {isa = PBXBuildFile; fileRef = 6B25DFE515749E670224D319 /* ProfileView.swift */; };
		A390D4427BA1EA3B2F024075 /* Starscream-Apache-2.0.txt in Resources */ = {isa = PBXBuildFile; fileRef = 8E4C198618FA43B34FF1B363 /* Starscream-Apache-2.0.txt */; };
		A744EDBB751A4EB73DFC2C44 /* WelcomeView.swift in Sources */ = {isa = PBXBuildFile; fileRef = CE1AF213121DB5A761660563 /* WelcomeView.swift */; };
		A79E33F12838705CF1E207E5 /* SpyBackground.swift in Sources */ = {isa = PBXBuildFile; fileRef = 9065A7D0489C60903CBB7D5B /* SpyBackground.swift */; };
		B9055F82BF207F9ED86A81FB /* DeviceTiltController.swift in Sources */ = {isa = PBXBuildFile; fileRef = 265067D4B7D30C4F8FEBAD88 /* DeviceTiltController.swift */; };
		BA98E60B487B564CAA1C023C /* SpyClashWidgetsBundle.swift in Sources */ = {isa = PBXBuildFile; fileRef = 760CBEBE89AEE2AA0F8A6E0E /* SpyClashWidgetsBundle.swift */; };
		BCFB873ADEE34038600E185F /* MembershipRealtimeService.swift in Sources */ = {isa = PBXBuildFile; fileRef = 4819AE6F17AFC1A3DC6FB58B /* MembershipRealtimeService.swift */; };
		BD9EDC5A7F4F7334FFA8354D /* SpyClashMatchActivityAttributes.swift in Sources */ = {isa = PBXBuildFile; fileRef = 34243C161AC8643C57BD83B5 /* SpyClashMatchActivityAttributes.swift */; };
		CB22564E02BD266693DE55B4 /* StoreKitManager.swift in Sources */ = {isa = PBXBuildFile; fileRef = DF4FD9ADA1D27731462AEF4E /* StoreKitManager.swift */; };
		D6B23D48649F5025143180FD /* SpyClashMatchActivityAttributes.swift in Sources */ = {isa = PBXBuildFile; fileRef = 34243C161AC8643C57BD83B5 /* SpyClashMatchActivityAttributes.swift */; };
		D881639D076EDA12A4605402 /* Assets.xcassets in Resources */ = {isa = PBXBuildFile; fileRef = AB5C3278E8027E74B4A7DB82 /* Assets.xcassets */; };
		E003ECA92C61B98778CAC8EC /* GameView.swift in Sources */ = {isa = PBXBuildFile; fileRef = 8B5C87FEFE82151F2F7D6F6A /* GameView.swift */; };
		E27A943CAA9C87A2F4E58CDB /* KeychainStore.swift in Sources */ = {isa = PBXBuildFile; fileRef = 7C72E6B177BD60A0DABC0A4A /* KeychainStore.swift */; };
		E354C5031FBE679050E0623D /* AppShellView.swift in Sources */ = {isa = PBXBuildFile; fileRef = D09D5EDA02EAE3E217C67199 /* AppShellView.swift */; };
		ECDAC86975194D2BEBB14885 /* Base44Client.swift in Sources */ = {isa = PBXBuildFile; fileRef = 8EE75E34545D7FD03BFBF561 /* Base44Client.swift */; };
		ED44596E572F517943ABADD6 /* AppleSignInCoordinator.swift in Sources */ = {isa = PBXBuildFile; fileRef = 461DB21D00E39181FC2E1E1E /* AppleSignInCoordinator.swift */; };
		FC61757D64D5967B87F90D6B /* CommunityView.swift in Sources */ = {isa = PBXBuildFile; fileRef = D2F58B6A8B6D7F70B21AE0D8 /* CommunityView.swift */; };
		FE4AD779C9178990AE6FB3B2 /* LocalGameView.swift in Sources */ = {isa = PBXBuildFile; fileRef = 8E6E87D47ABCB9E71C8245F9 /* LocalGameView.swift */; };
/* End PBXBuildFile section */

/* Begin PBXContainerItemProxy section */
		1FC9717294F437C06029B1C6 /* PBXContainerItemProxy */ = {
			isa = PBXContainerItemProxy;
			containerPortal = 19208BECA25401009A21A96A /* Project object */;
			proxyType = 1;
			remoteGlobalIDString = 2495D60CD15D3317F5BF4176;
			remoteInfo = SpyClashWidgets;
		};
/* End PBXContainerItemProxy section */

/* Begin PBXCopyFilesBuildPhase section */
		8DD18DBFA015526BD445F977 /* Embed Foundation Extensions */ = {
			isa = PBXCopyFilesBuildPhase;
			buildActionMask = 2147483647;
			dstPath = "";
			dstSubfolderSpec = 13;
			files = (
				04ABFF97837288EEF867A306 /* SpyClashWidgets.appex in Embed Foundation Extensions */,
			);
			name = "Embed Foundation Extensions";
			runOnlyForDeploymentPostprocessing = 0;
		};
/* End PBXCopyFilesBuildPhase section */

/* Begin PBXFileReference section */
		05EC9F49E8EAD9FFF41E783E /* SpyOrbSceneView.swift */ = {isa = PBXFileReference; lastKnownFileType = sourcecode.swift; path = SpyOrbSceneView.swift; sourceTree = "<group>"; };
		0615AC062761EBDE879255B3 /* Info.plist */ = {isa = PBXFileReference; lastKnownFileType = text.plist; path = Info.plist; sourceTree = "<group>"; };
		103786B1CACE81CF96C268EF /* AuthView.swift */ = {isa = PBXFileReference; lastKnownFileType = sourcecode.swift; path = AuthView.swift; sourceTree = "<group>"; };
		154D6A5D3C20539A72285920 /* SpyClashMatchLiveActivityController.swift */ = {isa = PBXFileReference; lastKnownFileType = sourcecode.swift; path = SpyClashMatchLiveActivityController.swift; sourceTree = "<group>"; };
		16DD679CA8E36033E9AD5D76 /* HomeView.swift */ = {isa = PBXFileReference; lastKnownFileType = sourcecode.swift; path = HomeView.swift; sourceTree = "<group>"; };
		1CB8625B19A0A8DEA9DB544A /* Info.plist */ = {isa = PBXFileReference; lastKnownFileType = text.plist; path = Info.plist; sourceTree = "<group>"; };
		22314E28DB2385F7A05ABC74 /* HistoryView.swift */ = {isa = PBXFileReference; lastKnownFileType = sourcecode.swift; path = HistoryView.swift; sourceTree = "<group>"; };
		265067D4B7D30C4F8FEBAD88 /* DeviceTiltController.swift */ = {isa = PBXFileReference; lastKnownFileType = sourcecode.swift; path = DeviceTiltController.swift; sourceTree = "<group>"; };
		2863C15FC8DD7D0C969D6E78 /* WordPacksView.swift */ = {isa = PBXFileReference; lastKnownFileType = sourcecode.swift; path = WordPacksView.swift; sourceTree = "<group>"; };
		34243C161AC8643C57BD83B5 /* SpyClashMatchActivityAttributes.swift */ = {isa = PBXFileReference; lastKnownFileType = sourcecode.swift; path = SpyClashMatchActivityAttributes.swift; sourceTree = "<group>"; };
		461DB21D00E39181FC2E1E1E /* AppleSignInCoordinator.swift */ = {isa = PBXFileReference; lastKnownFileType = sourcecode.swift; path = AppleSignInCoordinator.swift; sourceTree = "<group>"; };
		464F82CB598E4A8DCC748ADA /* ru */ = {isa = PBXFileReference; lastKnownFileType = text.plist.strings; name = ru; path = ru.lproj/InfoPlist.strings; sourceTree = "<group>"; };
		4819AE6F17AFC1A3DC6FB58B /* MembershipRealtimeService.swift */ = {isa = PBXFileReference; lastKnownFileType = sourcecode.swift; path = MembershipRealtimeService.swift; sourceTree = "<group>"; };
		57701A39195710C4AEBFB6CA /* Rajdhani-Bold.ttf */ = {isa = PBXFileReference; lastKnownFileType = file; path = "Rajdhani-Bold.ttf"; sourceTree = "<group>"; };
		5BBA628FB7C9372162E4C619 /* HapticManager.swift */ = {isa = PBXFileReference; lastKnownFileType = sourcecode.swift; path = HapticManager.swift; sourceTree = "<group>"; };
		6B25DFE515749E670224D319 /* ProfileView.swift */ = {isa = PBXFileReference; lastKnownFileType = sourcecode.swift; path = ProfileView.swift; sourceTree = "<group>"; };
		6C95C9E321165129F2ED8668 /* SpyClash.storekit */ = {isa = PBXFileReference; path = SpyClash.storekit; sourceTree = "<group>"; };
		723E083EC43863E9B19D1DBD /* LeaderboardView.swift */ = {isa = PBXFileReference; lastKnownFileType = sourcecode.swift; path = LeaderboardView.swift; sourceTree = "<group>"; };
		7478AB896B134807D6FA315E /* SpyClashMatchLiveActivity.swift */ = {isa = PBXFileReference; lastKnownFileType = sourcecode.swift; path = SpyClashMatchLiveActivity.swift; sourceTree = "<group>"; };
		75823698B8005677C73DFC1B /* AppState.swift */ = {isa = PBXFileReference; lastKnownFileType = sourcecode.swift; path = AppState.swift; sourceTree = "<group>"; };
		760CBEBE89AEE2AA0F8A6E0E /* SpyClashWidgetsBundle.swift */ = {isa = PBXFileReference; lastKnownFileType = sourcecode.swift; path = SpyClashWidgetsBundle.swift; sourceTree = "<group>"; };
		79E0CCD1E46813B6962CBD4B /* GameRoomLiveActivityProjection.swift */ = {isa = PBXFileReference; lastKnownFileType = sourcecode.swift; path = GameRoomLiveActivityProjection.swift; sourceTree = "<group>"; };
		7C72E6B177BD60A0DABC0A4A /* KeychainStore.swift */ = {isa = PBXFileReference; lastKnownFileType = sourcecode.swift; path = KeychainStore.swift; sourceTree = "<group>"; };
		86974FE98CF9350796FC28D3 /* SpyModels.swift */ = {isa = PBXFileReference; lastKnownFileType = sourcecode.swift; path = SpyModels.swift; sourceTree = "<group>"; };
		89A2672701BF2A5E11254E90 /* ru-UA */ = {isa = PBXFileReference; lastKnownFileType = text.plist.strings; name = "ru-UA"; path = "ru-UA.lproj/InfoPlist.strings"; sourceTree = "<group>"; };
		8B5C87FEFE82151F2F7D6F6A /* GameView.swift */ = {isa = PBXFileReference; lastKnownFileType = sourcecode.swift; path = GameView.swift; sourceTree = "<group>"; };
		8E4C198618FA43B34FF1B363 /* Starscream-Apache-2.0.txt */ = {isa = PBXFileReference; lastKnownFileType = text; path = "Starscream-Apache-2.0.txt"; sourceTree = "<group>"; };
		8E6E87D47ABCB9E71C8245F9 /* LocalGameView.swift */ = {isa = PBXFileReference; lastKnownFileType = sourcecode.swift; path = LocalGameView.swift; sourceTree = "<group>"; };
		8EE75E34545D7FD03BFBF561 /* Base44Client.swift */ = {isa = PBXFileReference; lastKnownFileType = sourcecode.swift; path = Base44Client.swift; sourceTree = "<group>"; };
		9053338F106838BBB476DCE4 /* Rajdhani-OFL-1.1.txt */ = {isa = PBXFileReference; lastKnownFileType = text; path = "Rajdhani-OFL-1.1.txt"; sourceTree = "<group>"; };
		9065A7D0489C60903CBB7D5B /* SpyBackground.swift */ = {isa = PBXFileReference; lastKnownFileType = sourcecode.swift; path = SpyBackground.swift; sourceTree = "<group>"; };
		9C904BBF810EAAFF591F9659 /* PrivacyInfo.xcprivacy */ = {isa = PBXFileReference; path = PrivacyInfo.xcprivacy; sourceTree = "<group>"; };
		9E7E31F61F4DBF12D419781A /* SpyClash.entitlements */ = {isa = PBXFileReference; lastKnownFileType = text.plist.entitlements; path = SpyClash.entitlements; sourceTree = "<group>"; };
		A01D249EEE029FBB05286504 /* SpyClash.app */ = {isa = PBXFileReference; includeInIndex = 0; lastKnownFileType = wrapper.application; path = SpyClash.app; sourceTree = BUILT_PRODUCTS_DIR; };
		A6EDDA8AE23141F759D27B13 /* en */ = {isa = PBXFileReference; lastKnownFileType = text.plist.strings; name = en; path = en.lproj/InfoPlist.strings; sourceTree = "<group>"; };
		A8B7F0D77CCD84E2E31D982D /* PushNotificationCoordinator.swift */ = {isa = PBXFileReference; lastKnownFileType = sourcecode.swift; path = PushNotificationCoordinator.swift; sourceTree = "<group>"; };
		AB5C3278E8027E74B4A7DB82 /* Assets.xcassets */ = {isa = PBXFileReference; lastKnownFileType = folder.assetcatalog; path = Assets.xcassets; sourceTree = "<group>"; };
		B7DA7D7405C80D4685A10F92 /* es */ = {isa = PBXFileReference; lastKnownFileType = text.plist.strings; name = es; path = es.lproj/InfoPlist.strings; sourceTree = "<group>"; };
		CE1AF213121DB5A761660563 /* WelcomeView.swift */ = {isa = PBXFileReference; lastKnownFileType = sourcecode.swift; path = WelcomeView.swift; sourceTree = "<group>"; };
		D09D5EDA02EAE3E217C67199 /* AppShellView.swift */ = {isa = PBXFileReference; lastKnownFileType = sourcecode.swift; path = AppShellView.swift; sourceTree = "<group>"; };
		D2F58B6A8B6D7F70B21AE0D8 /* CommunityView.swift */ = {isa = PBXFileReference; lastKnownFileType = sourcecode.swift; path = CommunityView.swift; sourceTree = "<group>"; };
		D30EA0DF923F453AB3E7F360 /* SpyClashApp.swift */ = {isa = PBXFileReference; lastKnownFileType = sourcecode.swift; path = SpyClashApp.swift; sourceTree = "<group>"; };
		DA586ACEEC2D7E92F3621A49 /* AppTab.swift */ = {isa = PBXFileReference; lastKnownFileType = sourcecode.swift; path = AppTab.swift; sourceTree = "<group>"; };
		DB38FB6B74A483175220231A /* SocketIO-MIT.txt */ = {isa = PBXFileReference; lastKnownFileType = text; path = "SocketIO-MIT.txt"; sourceTree = "<group>"; };
		DF4FD9ADA1D27731462AEF4E /* StoreKitManager.swift */ = {isa = PBXFileReference; lastKnownFileType = sourcecode.swift; path = StoreKitManager.swift; sourceTree = "<group>"; };
		E3EC24BA3BA2A7A16F039946 /* SpyTheme.swift */ = {isa = PBXFileReference; lastKnownFileType = sourcecode.swift; path = SpyTheme.swift; sourceTree = "<group>"; };
		EB074CEB86E78BFB857C6C47 /* SpyClashWidgets.appex */ = {isa = PBXFileReference; includeInIndex = 0; lastKnownFileType = "wrapper.app-extension"; path = SpyClashWidgets.appex; sourceTree = BUILT_PRODUCTS_DIR; };
		F4B70AB1F4B7C7D339E01E1F /* PricingView.swift */ = {isa = PBXFileReference; lastKnownFileType = sourcecode.swift; path = PricingView.swift; sourceTree = "<group>"; };
		FA6E7B15464DD14D3E49671B /* QRSheets.swift */ = {isa = PBXFileReference; lastKnownFileType = sourcecode.swift; path = QRSheets.swift; sourceTree = "<group>"; };
/* End PBXFileReference section */

/* Begin PBXFrameworksBuildPhase section */
		7B515AC188A7F561C524F9CF /* Frameworks */ = {
			isa = PBXFrameworksBuildPhase;
			buildActionMask = 2147483647;
			files = (
				8D17771759D4330EBFEC4603 /* SocketIO in Frameworks */,
			);
			runOnlyForDeploymentPostprocessing = 0;
		};
/* End PBXFrameworksBuildPhase section */

/* Begin PBXGroup section */
		111BB6B43C9F8D9D3F8DAF22 /* StoreKit */ = {
			isa = PBXGroup;
			children = (
				6C95C9E321165129F2ED8668 /* SpyClash.storekit */,
			);
			path = StoreKit;
			sourceTree = "<group>";
		};
		4108F65FED61E8D5617165A2 /* LiveActivityShared */ = {
			isa = PBXGroup;
			children = (
				34243C161AC8643C57BD83B5 /* SpyClashMatchActivityAttributes.swift */,
			);
			path = LiveActivityShared;
			sourceTree = "<group>";
		};
		5008CF1BFA9100F96B0FAB38 /* LICENSES */ = {
			isa = PBXGroup;
			children = (
				9053338F106838BBB476DCE4 /* Rajdhani-OFL-1.1.txt */,
				DB38FB6B74A483175220231A /* SocketIO-MIT.txt */,
				8E4C198618FA43B34FF1B363 /* Starscream-Apache-2.0.txt */,
			);
			path = LICENSES;
			sourceTree = "<group>";
		};
		53542A2CB102A9F2E71DBD13 /* SpyClashWidgets */ = {
			isa = PBXGroup;
			children = (
				1CB8625B19A0A8DEA9DB544A /* Info.plist */,
				7478AB896B134807D6FA315E /* SpyClashMatchLiveActivity.swift */,
				760CBEBE89AEE2AA0F8A6E0E /* SpyClashWidgetsBundle.swift */,
			);
			path = SpyClashWidgets;
			sourceTree = "<group>";
		};
		5CE4B78A27CB1A3000FABA7B = {
			isa = PBXGroup;
			children = (
				5008CF1BFA9100F96B0FAB38 /* LICENSES */,
				7D8A61AA4B945C23B44EC6D9 /* SpyClash */,
				53542A2CB102A9F2E71DBD13 /* SpyClashWidgets */,
				111BB6B43C9F8D9D3F8DAF22 /* StoreKit */,
				7B6BED41BFC5980A89ECA708 /* Products */,
			);
			sourceTree = "<group>";
		};
		603A88FDDF96AB27B1804FB0 /* Views */ = {
			isa = PBXGroup;
			children = (
				D09D5EDA02EAE3E217C67199 /* AppShellView.swift */,
				103786B1CACE81CF96C268EF /* AuthView.swift */,
				D2F58B6A8B6D7F70B21AE0D8 /* CommunityView.swift */,
				8B5C87FEFE82151F2F7D6F6A /* GameView.swift */,
				22314E28DB2385F7A05ABC74 /* HistoryView.swift */,
				16DD679CA8E36033E9AD5D76 /* HomeView.swift */,
				723E083EC43863E9B19D1DBD /* LeaderboardView.swift */,
				8E6E87D47ABCB9E71C8245F9 /* LocalGameView.swift */,
				F4B70AB1F4B7C7D339E01E1F /* PricingView.swift */,
				6B25DFE515749E670224D319 /* ProfileView.swift */,
				FA6E7B15464DD14D3E49671B /* QRSheets.swift */,
				9065A7D0489C60903CBB7D5B /* SpyBackground.swift */,
				05EC9F49E8EAD9FFF41E783E /* SpyOrbSceneView.swift */,
				CE1AF213121DB5A761660563 /* WelcomeView.swift */,
				2863C15FC8DD7D0C969D6E78 /* WordPacksView.swift */,
			);
			path = Views;
			sourceTree = "<group>";
		};
		7B5F5EE21DED3DDAA2C1A21D /* Design */ = {
			isa = PBXGroup;
			children = (
				E3EC24BA3BA2A7A16F039946 /* SpyTheme.swift */,
			);
			path = Design;
			sourceTree = "<group>";
		};
		7B6BED41BFC5980A89ECA708 /* Products */ = {
			isa = PBXGroup;
			children = (
				A01D249EEE029FBB05286504 /* SpyClash.app */,
				EB074CEB86E78BFB857C6C47 /* SpyClashWidgets.appex */,
			);
			name = Products;
			sourceTree = "<group>";
		};
		7D8A61AA4B945C23B44EC6D9 /* SpyClash */ = {
			isa = PBXGroup;
			children = (
				CFF709D9A9F19039750EC6B1 /* App */,
				7B5F5EE21DED3DDAA2C1A21D /* Design */,
				92A77D041539A3A6A9582B14 /* LiveActivities */,
				4108F65FED61E8D5617165A2 /* LiveActivityShared */,
				F0907EF3730A23551A82884B /* Models */,
				83BEED0AFF00EA59546A1A96 /* Resources */,
				F7C6AF09A4B5E8C78B2583D2 /* Services */,
				603A88FDDF96AB27B1804FB0 /* Views */,
			);
			path = SpyClash;
			sourceTree = "<group>";
		};
		83BEED0AFF00EA59546A1A96 /* Resources */ = {
			isa = PBXGroup;
			children = (
				AB5C3278E8027E74B4A7DB82 /* Assets.xcassets */,
				0615AC062761EBDE879255B3 /* Info.plist */,
				9C904BBF810EAAFF591F9659 /* PrivacyInfo.xcprivacy */,
				57701A39195710C4AEBFB6CA /* Rajdhani-Bold.ttf */,
				9E7E31F61F4DBF12D419781A /* SpyClash.entitlements */,
				22A24EBF700A367D8B269698 /* InfoPlist.strings */,
			);
			path = Resources;
			sourceTree = "<group>";
		};
		92A77D041539A3A6A9582B14 /* LiveActivities */ = {
			isa = PBXGroup;
			children = (
				79E0CCD1E46813B6962CBD4B /* GameRoomLiveActivityProjection.swift */,
				154D6A5D3C20539A72285920 /* SpyClashMatchLiveActivityController.swift */,
			);
			path = LiveActivities;
			sourceTree = "<group>";
		};
		CFF709D9A9F19039750EC6B1 /* App */ = {
			isa = PBXGroup;
			children = (
				75823698B8005677C73DFC1B /* AppState.swift */,
				DA586ACEEC2D7E92F3621A49 /* AppTab.swift */,
				D30EA0DF923F453AB3E7F360 /* SpyClashApp.swift */,
			);
			path = App;
			sourceTree = "<group>";
		};
		F0907EF3730A23551A82884B /* Models */ = {
			isa = PBXGroup;
			children = (
				86974FE98CF9350796FC28D3 /* SpyModels.swift */,
			);
			path = Models;
			sourceTree = "<group>";
		};
		F7C6AF09A4B5E8C78B2583D2 /* Services */ = {
			isa = PBXGroup;
			children = (
				461DB21D00E39181FC2E1E1E /* AppleSignInCoordinator.swift */,
				8EE75E34545D7FD03BFBF561 /* Base44Client.swift */,
				265067D4B7D30C4F8FEBAD88 /* DeviceTiltController.swift */,
				5BBA628FB7C9372162E4C619 /* HapticManager.swift */,
				7C72E6B177BD60A0DABC0A4A /* KeychainStore.swift */,
				4819AE6F17AFC1A3DC6FB58B /* MembershipRealtimeService.swift */,
				A8B7F0D77CCD84E2E31D982D /* PushNotificationCoordinator.swift */,
				DF4FD9ADA1D27731462AEF4E /* StoreKitManager.swift */,
			);
			path = Services;
			sourceTree = "<group>";
		};
/* End PBXGroup section */

/* Begin PBXNativeTarget section */
		2495D60CD15D3317F5BF4176 /* SpyClashWidgets */ = {
			isa = PBXNativeTarget;
			buildConfigurationList = 7D5CB69C95C758D1FC3CF72F /* Build configuration list for PBXNativeTarget "SpyClashWidgets" */;
			buildPhases = (
				013926390C5628C20D5762EE /* Sources */,
			);
			buildRules = (
			);
			dependencies = (
			);
			name = SpyClashWidgets;
			packageProductDependencies = (
			);
			productName = SpyClashWidgets;
			productReference = EB074CEB86E78BFB857C6C47 /* SpyClashWidgets.appex */;
			productType = "com.apple.product-type.app-extension";
		};
		77A6DFFF9D8CFBF19BE6C3C9 /* SpyClash */ = {
			isa = PBXNativeTarget;
			buildConfigurationList = CF20E3432F0D697E0790FE79 /* Build configuration list for PBXNativeTarget "SpyClash" */;
			buildPhases = (
				3EEDB8DBA19E39F75370F019 /* Sources */,
				EA212BCA0AD96EA7103EC761 /* Resources */,
				7B515AC188A7F561C524F9CF /* Frameworks */,
				8DD18DBFA015526BD445F977 /* Embed Foundation Extensions */,
			);
			buildRules = (
			);
			dependencies = (
				9DA2E9AEB533EC7E3B941702 /* PBXTargetDependency */,
			);
			name = SpyClash;
			packageProductDependencies = (
				0F3E2F7BE3B86567F9077667 /* SocketIO */,
			);
			productName = SpyClash;
			productReference = A01D249EEE029FBB05286504 /* SpyClash.app */;
			productType = "com.apple.product-type.application";
		};
/* End PBXNativeTarget section */

/* Begin PBXProject section */
		19208BECA25401009A21A96A /* Project object */ = {
			isa = PBXProject;
			attributes = {
				BuildIndependentTargetsInParallel = YES;
				LastUpgradeCheck = 1430;
				TargetAttributes = {
					2495D60CD15D3317F5BF4176 = {
						DevelopmentTeam = S24F9M5CG7;
						ProvisioningStyle = Automatic;
					};
					77A6DFFF9D8CFBF19BE6C3C9 = {
						DevelopmentTeam = S24F9M5CG7;
						ProvisioningStyle = Automatic;
					};
				};
			};
			buildConfigurationList = 3557A5B7C632F0105E5A73BE /* Build configuration list for PBXProject "SpyClash" */;
			developmentRegion = en;
			hasScannedForEncodings = 0;
			knownRegions = (
				Base,
				en,
				es,
				ru,
				"ru-UA",
			);
			mainGroup = 5CE4B78A27CB1A3000FABA7B;
			minimizedProjectReferenceProxies = 1;
			packageReferences = (
				4F7ED4AB9DEE99B89C08557C /* XCRemoteSwiftPackageReference "socket.io-client-swift" */,
			);
			preferredProjectObjectVersion = 77;
			productRefGroup = 7B6BED41BFC5980A89ECA708 /* Products */;
			projectDirPath = "";
			projectRoot = "";
			targets = (
				77A6DFFF9D8CFBF19BE6C3C9 /* SpyClash */,
				2495D60CD15D3317F5BF4176 /* SpyClashWidgets */,
			);
		};
/* End PBXProject section */

/* Begin PBXResourcesBuildPhase section */
		EA212BCA0AD96EA7103EC761 /* Resources */ = {
			isa = PBXResourcesBuildPhase;
			buildActionMask = 2147483647;
			files = (
				D881639D076EDA12A4605402 /* Assets.xcassets in Resources */,
				0332FBE99D5419C0A04F460A /* InfoPlist.strings in Resources */,
				5767CD1715E3A330461009CB /* PrivacyInfo.xcprivacy in Resources */,
				13D77822DD0A8C0C325DD829 /* Rajdhani-Bold.ttf in Resources */,
				82D1D08C2F15D8C91C49A7A1 /* Rajdhani-OFL-1.1.txt in Resources */,
				71EFCB4E56D0E1AFBB55CD75 /* SocketIO-MIT.txt in Resources */,
				A390D4427BA1EA3B2F024075 /* Starscream-Apache-2.0.txt in Resources */,
			);
			runOnlyForDeploymentPostprocessing = 0;
		};
/* End PBXResourcesBuildPhase section */

/* Begin PBXSourcesBuildPhase section */
		013926390C5628C20D5762EE /* Sources */ = {
			isa = PBXSourcesBuildPhase;
			buildActionMask = 2147483647;
			files = (
				BD9EDC5A7F4F7334FFA8354D /* SpyClashMatchActivityAttributes.swift in Sources */,
				536D944266FBEEDCB7840020 /* SpyClashMatchLiveActivity.swift in Sources */,
				BA98E60B487B564CAA1C023C /* SpyClashWidgetsBundle.swift in Sources */,
			);
			runOnlyForDeploymentPostprocessing = 0;
		};
		3EEDB8DBA19E39F75370F019 /* Sources */ = {
			isa = PBXSourcesBuildPhase;
			buildActionMask = 2147483647;
			files = (
				E354C5031FBE679050E0623D /* AppShellView.swift in Sources */,
				94A889B7CFE0ACF273873A1A /* AppState.swift in Sources */,
				309F817C661DCC3A931B4F28 /* AppTab.swift in Sources */,
				ED44596E572F517943ABADD6 /* AppleSignInCoordinator.swift in Sources */,
				7E0E07142DA44B953A6398F5 /* AuthView.swift in Sources */,
				ECDAC86975194D2BEBB14885 /* Base44Client.swift in Sources */,
				FC61757D64D5967B87F90D6B /* CommunityView.swift in Sources */,
				B9055F82BF207F9ED86A81FB /* DeviceTiltController.swift in Sources */,
				2AE8379041D2415FE0005E5B /* GameRoomLiveActivityProjection.swift in Sources */,
				E003ECA92C61B98778CAC8EC /* GameView.swift in Sources */,
				6E4C94E70834661C17C08E06 /* HapticManager.swift in Sources */,
				1237FE47502FB08C11F86513 /* HistoryView.swift in Sources */,
				32A32FB529A80D299F2FCAC9 /* HomeView.swift in Sources */,
				E27A943CAA9C87A2F4E58CDB /* KeychainStore.swift in Sources */,
				047173A72BA9E8A6F6A0A7C1 /* LeaderboardView.swift in Sources */,
				FE4AD779C9178990AE6FB3B2 /* LocalGameView.swift in Sources */,
				BCFB873ADEE34038600E185F /* MembershipRealtimeService.swift in Sources */,
				7B6D3EB62FE74629B61B73AE /* PricingView.swift in Sources */,
				A14016F54504B30BA64BB8DA /* ProfileView.swift in Sources */,
				98DA09BA0F4F02C29F67E3EA /* PushNotificationCoordinator.swift in Sources */,
				6BEB09CD45546EB59A434FFF /* QRSheets.swift in Sources */,
				A79E33F12838705CF1E207E5 /* SpyBackground.swift in Sources */,
				557B3950F7F0642889A07BA5 /* SpyClashApp.swift in Sources */,
				D6B23D48649F5025143180FD /* SpyClashMatchActivityAttributes.swift in Sources */,
				2296623A2D3D1D8A43A1A4DC /* SpyClashMatchLiveActivityController.swift in Sources */,
				2946A41A9575F0D1AEE2D809 /* SpyModels.swift in Sources */,
				7D6221160001A1F896D98689 /* SpyOrbSceneView.swift in Sources */,
				4BEBA1477C858A78FB3F338D /* SpyTheme.swift in Sources */,
				CB22564E02BD266693DE55B4 /* StoreKitManager.swift in Sources */,
				A744EDBB751A4EB73DFC2C44 /* WelcomeView.swift in Sources */,
				65B97F60EB8C89F0D594A552 /* WordPacksView.swift in Sources */,
			);
			runOnlyForDeploymentPostprocessing = 0;
		};
/* End PBXSourcesBuildPhase section */

/* Begin PBXTargetDependency section */
		9DA2E9AEB533EC7E3B941702 /* PBXTargetDependency */ = {
			isa = PBXTargetDependency;
			target = 2495D60CD15D3317F5BF4176 /* SpyClashWidgets */;
			targetProxy = 1FC9717294F437C06029B1C6 /* PBXContainerItemProxy */;
		};
/* End PBXTargetDependency section */

/* Begin PBXVariantGroup section */
		22A24EBF700A367D8B269698 /* InfoPlist.strings */ = {
			isa = PBXVariantGroup;
			children = (
				A6EDDA8AE23141F759D27B13 /* en */,
				B7DA7D7405C80D4685A10F92 /* es */,
				464F82CB598E4A8DCC748ADA /* ru */,
				89A2672701BF2A5E11254E90 /* ru-UA */,
			);
			name = InfoPlist.strings;
			sourceTree = "<group>";
		};
/* End PBXVariantGroup section */

/* Begin XCBuildConfiguration section */
		365D3BB48F24DD369A39102B /* Debug */ = {
			isa = XCBuildConfiguration;
			buildSettings = {
				APPLICATION_EXTENSION_API_ONLY = YES;
				CODE_SIGN_STYLE = Automatic;
				DEVELOPMENT_TEAM = S24F9M5CG7;
				INFOPLIST_FILE = SpyClashWidgets/Info.plist;
				IPHONEOS_DEPLOYMENT_TARGET = 17.0;
				LD_RUNPATH_SEARCH_PATHS = (
					"$(inherited)",
					"@executable_path/Frameworks",
					"@executable_path/../../Frameworks",
				);
				PRODUCT_BUNDLE_IDENTIFIER = com.spyclash.app.widgets;
				SDKROOT = iphoneos;
				SKIP_INSTALL = YES;
				TARGETED_DEVICE_FAMILY = 1;
			};
			name = Debug;
		};
		4BB519F2F24F5D23AEDB46C3 /* Debug */ = {
			isa = XCBuildConfiguration;
			buildSettings = {
				APS_ENVIRONMENT = development;
				ASSETCATALOG_COMPILER_APPICON_NAME = AppIcon;
				ASSETCATALOG_COMPILER_GLOBAL_ACCENT_COLOR_NAME = AccentColor;
				CODE_SIGN_ENTITLEMENTS = SpyClash/Resources/SpyClash.entitlements;
				CODE_SIGN_IDENTITY = "iPhone Developer";
				CODE_SIGN_STYLE = Automatic;
				DEVELOPMENT_TEAM = S24F9M5CG7;
				INFOPLIST_FILE = SpyClash/Resources/Info.plist;
				LD_RUNPATH_SEARCH_PATHS = (
					"$(inherited)",
					"@executable_path/Frameworks",
				);
				PRODUCT_BUNDLE_IDENTIFIER = com.spyclash.app;
				SDKROOT = iphoneos;
				TARGETED_DEVICE_FAMILY = 1;
			};
			name = Debug;
		};
		4E1DB2AD0C9C81B11182EF13 /* Release */ = {
			isa = XCBuildConfiguration;
			buildSettings = {
				APS_ENVIRONMENT = production;
				ASSETCATALOG_COMPILER_APPICON_NAME = AppIcon;
				ASSETCATALOG_COMPILER_GLOBAL_ACCENT_COLOR_NAME = AccentColor;
				CODE_SIGN_ENTITLEMENTS = SpyClash/Resources/SpyClash.entitlements;
				CODE_SIGN_IDENTITY = "iPhone Developer";
				CODE_SIGN_STYLE = Automatic;
				DEVELOPMENT_TEAM = S24F9M5CG7;
				INFOPLIST_FILE = SpyClash/Resources/Info.plist;
				LD_RUNPATH_SEARCH_PATHS = (
					"$(inherited)",
					"@executable_path/Frameworks",
				);
				PRODUCT_BUNDLE_IDENTIFIER = com.spyclash.app;
				SDKROOT = iphoneos;
				TARGETED_DEVICE_FAMILY = 1;
			};
			name = Release;
		};
		B27C89F969CB99AC3F0B6B4C /* Release */ = {
			isa = XCBuildConfiguration;
			buildSettings = {
				ALWAYS_SEARCH_USER_PATHS = NO;
				CLANG_ANALYZER_NONNULL = YES;
				CLANG_ANALYZER_NUMBER_OBJECT_CONVERSION = YES_AGGRESSIVE;
				CLANG_CXX_LANGUAGE_STANDARD = "gnu++14";
				CLANG_CXX_LIBRARY = "libc++";
				CLANG_ENABLE_MODULES = YES;
				CLANG_ENABLE_OBJC_ARC = YES;
				CLANG_ENABLE_OBJC_WEAK = YES;
				CLANG_WARN_BLOCK_CAPTURE_AUTORELEASING = YES;
				CLANG_WARN_BOOL_CONVERSION = YES;
				CLANG_WARN_COMMA = YES;
				CLANG_WARN_CONSTANT_CONVERSION = YES;
				CLANG_WARN_DEPRECATED_OBJC_IMPLEMENTATIONS = YES;
				CLANG_WARN_DIRECT_OBJC_ISA_USAGE = YES_ERROR;
				CLANG_WARN_DOCUMENTATION_COMMENTS = YES;
				CLANG_WARN_EMPTY_BODY = YES;
				CLANG_WARN_ENUM_CONVERSION = YES;
				CLANG_WARN_INFINITE_RECURSION = YES;
				CLANG_WARN_INT_CONVERSION = YES;
				CLANG_WARN_NON_LITERAL_NULL_CONVERSION = YES;
				CLANG_WARN_OBJC_IMPLICIT_RETAIN_SELF = YES;
				CLANG_WARN_OBJC_LITERAL_CONVERSION = YES;
				CLANG_WARN_OBJC_ROOT_CLASS = YES_ERROR;
				CLANG_WARN_QUOTED_INCLUDE_IN_FRAMEWORK_HEADER = YES;
				CLANG_WARN_RANGE_LOOP_ANALYSIS = YES;
				CLANG_WARN_STRICT_PROTOTYPES = YES;
				CLANG_WARN_SUSPICIOUS_MOVE = YES;
				CLANG_WARN_UNGUARDED_AVAILABILITY = YES_AGGRESSIVE;
				CLANG_WARN_UNREACHABLE_CODE = YES;
				CLANG_WARN__DUPLICATE_METHOD_MATCH = YES;
				COPY_PHASE_STRIP = NO;
				CURRENT_PROJECT_VERSION = 3;
				DEBUG_INFORMATION_FORMAT = "dwarf-with-dsym";
				ENABLE_NS_ASSERTIONS = NO;
				ENABLE_STRICT_OBJC_MSGSEND = YES;
				GCC_C_LANGUAGE_STANDARD = gnu11;
				GCC_NO_COMMON_BLOCKS = YES;
				GCC_WARN_64_TO_32_BIT_CONVERSION = YES;
				GCC_WARN_ABOUT_RETURN_TYPE = YES_ERROR;
				GCC_WARN_UNDECLARED_SELECTOR = YES;
				GCC_WARN_UNINITIALIZED_AUTOS = YES_AGGRESSIVE;
				GCC_WARN_UNUSED_FUNCTION = YES;
				GCC_WARN_UNUSED_VARIABLE = YES;
				IPHONEOS_DEPLOYMENT_TARGET = 17.0;
				MARKETING_VERSION = 1.0;
				MTL_ENABLE_DEBUG_INFO = NO;
				MTL_FAST_MATH = YES;
				PRODUCT_NAME = "$(TARGET_NAME)";
				SDKROOT = iphoneos;
				SWIFT_COMPILATION_MODE = wholemodule;
				SWIFT_OPTIMIZATION_LEVEL = "-O";
				SWIFT_VERSION = 6.0;
			};
			name = Release;
		};
		CD98D449BCC056243D149F1A /* Debug */ = {
			isa = XCBuildConfiguration;
			buildSettings = {
				ALWAYS_SEARCH_USER_PATHS = NO;
				CLANG_ANALYZER_NONNULL = YES;
				CLANG_ANALYZER_NUMBER_OBJECT_CONVERSION = YES_AGGRESSIVE;
				CLANG_CXX_LANGUAGE_STANDARD = "gnu++14";
				CLANG_CXX_LIBRARY = "libc++";
				CLANG_ENABLE_MODULES = YES;
				CLANG_ENABLE_OBJC_ARC = YES;
				CLANG_ENABLE_OBJC_WEAK = YES;
				CLANG_WARN_BLOCK_CAPTURE_AUTORELEASING = YES;
				CLANG_WARN_BOOL_CONVERSION = YES;
				CLANG_WARN_COMMA = YES;
				CLANG_WARN_CONSTANT_CONVERSION = YES;
				CLANG_WARN_DEPRECATED_OBJC_IMPLEMENTATIONS = YES;
				CLANG_WARN_DIRECT_OBJC_ISA_USAGE = YES_ERROR;
				CLANG_WARN_DOCUMENTATION_COMMENTS = YES;
				CLANG_WARN_EMPTY_BODY = YES;
				CLANG_WARN_ENUM_CONVERSION = YES;
				CLANG_WARN_INFINITE_RECURSION = YES;
				CLANG_WARN_INT_CONVERSION = YES;
				CLANG_WARN_NON_LITERAL_NULL_CONVERSION = YES;
				CLANG_WARN_OBJC_IMPLICIT_RETAIN_SELF = YES;
				CLANG_WARN_OBJC_LITERAL_CONVERSION = YES;
				CLANG_WARN_OBJC_ROOT_CLASS = YES_ERROR;
				CLANG_WARN_QUOTED_INCLUDE_IN_FRAMEWORK_HEADER = YES;
				CLANG_WARN_RANGE_LOOP_ANALYSIS = YES;
				CLANG_WARN_STRICT_PROTOTYPES = YES;
				CLANG_WARN_SUSPICIOUS_MOVE = YES;
				CLANG_WARN_UNGUARDED_AVAILABILITY = YES_AGGRESSIVE;
				CLANG_WARN_UNREACHABLE_CODE = YES;
				CLANG_WARN__DUPLICATE_METHOD_MATCH = YES;
				COPY_PHASE_STRIP = NO;
				CURRENT_PROJECT_VERSION = 3;
				DEBUG_INFORMATION_FORMAT = dwarf;
				ENABLE_STRICT_OBJC_MSGSEND = YES;
				ENABLE_TESTABILITY = YES;
				GCC_C_LANGUAGE_STANDARD = gnu11;
				GCC_DYNAMIC_NO_PIC = NO;
				GCC_NO_COMMON_BLOCKS = YES;
				GCC_OPTIMIZATION_LEVEL = 0;
				GCC_PREPROCESSOR_DEFINITIONS = (
					"$(inherited)",
					"DEBUG=1",
				);
				GCC_WARN_64_TO_32_BIT_CONVERSION = YES;
				GCC_WARN_ABOUT_RETURN_TYPE = YES_ERROR;
				GCC_WARN_UNDECLARED_SELECTOR = YES;
				GCC_WARN_UNINITIALIZED_AUTOS = YES_AGGRESSIVE;
				GCC_WARN_UNUSED_FUNCTION = YES;
				GCC_WARN_UNUSED_VARIABLE = YES;
				IPHONEOS_DEPLOYMENT_TARGET = 17.0;
				MARKETING_VERSION = 1.0;
				MTL_ENABLE_DEBUG_INFO = INCLUDE_SOURCE;
				MTL_FAST_MATH = YES;
				ONLY_ACTIVE_ARCH = YES;
				PRODUCT_NAME = "$(TARGET_NAME)";
				SDKROOT = iphoneos;
				SWIFT_ACTIVE_COMPILATION_CONDITIONS = DEBUG;
				SWIFT_OPTIMIZATION_LEVEL = "-Onone";
				SWIFT_VERSION = 6.0;
			};
			name = Debug;
		};
		E763C2DDF70E3A7FC63F880A /* Release */ = {
			isa = XCBuildConfiguration;
			buildSettings = {
				APPLICATION_EXTENSION_API_ONLY = YES;
				CODE_SIGN_STYLE = Automatic;
				DEVELOPMENT_TEAM = S24F9M5CG7;
				INFOPLIST_FILE = SpyClashWidgets/Info.plist;
				IPHONEOS_DEPLOYMENT_TARGET = 17.0;
				LD_RUNPATH_SEARCH_PATHS = (
					"$(inherited)",
					"@executable_path/Frameworks",
					"@executable_path/../../Frameworks",
				);
				PRODUCT_BUNDLE_IDENTIFIER = com.spyclash.app.widgets;
				SDKROOT = iphoneos;
				SKIP_INSTALL = YES;
				TARGETED_DEVICE_FAMILY = 1;
			};
			name = Release;
		};
/* End XCBuildConfiguration section */

/* Begin XCConfigurationList section */
		3557A5B7C632F0105E5A73BE /* Build configuration list for PBXProject "SpyClash" */ = {
			isa = XCConfigurationList;
			buildConfigurations = (
				CD98D449BCC056243D149F1A /* Debug */,
				B27C89F969CB99AC3F0B6B4C /* Release */,
			);
			defaultConfigurationIsVisible = 0;
			defaultConfigurationName = Debug;
		};
		7D5CB69C95C758D1FC3CF72F /* Build configuration list for PBXNativeTarget "SpyClashWidgets" */ = {
			isa = XCConfigurationList;
			buildConfigurations = (
				365D3BB48F24DD369A39102B /* Debug */,
				E763C2DDF70E3A7FC63F880A /* Release */,
			);
			defaultConfigurationIsVisible = 0;
			defaultConfigurationName = Debug;
		};
		CF20E3432F0D697E0790FE79 /* Build configuration list for PBXNativeTarget "SpyClash" */ = {
			isa = XCConfigurationList;
			buildConfigurations = (
				4BB519F2F24F5D23AEDB46C3 /* Debug */,
				4E1DB2AD0C9C81B11182EF13 /* Release */,
			);
			defaultConfigurationIsVisible = 0;
			defaultConfigurationName = Debug;
		};
/* End XCConfigurationList section */

/* Begin XCRemoteSwiftPackageReference section */
		4F7ED4AB9DEE99B89C08557C /* XCRemoteSwiftPackageReference "socket.io-client-swift" */ = {
			isa = XCRemoteSwiftPackageReference;
			repositoryURL = "https://github.com/socketio/socket.io-client-swift.git";
			requirement = {
				kind = upToNextMajorVersion;
				minimumVersion = 16.1.1;
			};
		};
/* End XCRemoteSwiftPackageReference section */

/* Begin XCSwiftPackageProductDependency section */
		0F3E2F7BE3B86567F9077667 /* SocketIO */ = {
			isa = XCSwiftPackageProductDependency;
			package = 4F7ED4AB9DEE99B89C08557C /* XCRemoteSwiftPackageReference "socket.io-client-swift" */;
			productName = SocketIO;
		};
/* End XCSwiftPackageProductDependency section */
	};
	rootObject = 19208BECA25401009A21A96A /* Project object */;
}
